<Solution>
  <Project Path="Hel.App.WinUI/Hel.App.WinUI.csproj" Id="3fb02bc8-db64-449a-825a-a86a627d2908">
    <Platform Project="x64" />
    <Deploy />
  </Project>
  <Project Path="Hel.Application/Hel.Application.csproj" Id="38f65249-f673-4910-a763-e70841e01edb" />
  <Project Path="Hel.Domain/Hel.Domain.csproj" Id="ef9b8e4a-c0bd-47dd-ab83-7f47eccc294f" />
  <Project Path="Hel.Infrastructure/Hel.Infrastructure.csproj" Id="c9e71dec-74a5-49ce-98c9-876ef34ed4dc" />
</Solution>
